
Microsoft Visual Studio Solution File, Format Version 12.00
# Visual Studio Version 17
VisualStudioVersion = 17.9.34728.123
MinimumVisualStudioVersion = 10.0.40219.1
Project("{FAE04EC0-301F-11D3-BF4B-00C04F79EFBC}") = "net-ef-videogame", "net-ef-videogame.csproj", "{B0255AC3-5514-4923-8B82-99B366A85C63}"
EndProject
Global
	GlobalSection(SolutionConfigurationPlatforms) = preSolution
		Debug|Any CPU = Debug|Any CPU
		Release|Any CPU = Release|Any CPU
	EndGlobalSection
	GlobalSection(ProjectConfigurationPlatforms) = postSolution
		{B0255AC3-5514-4923-8B82-99B366A85C63}.Debug|Any CPU.ActiveCfg = Debug|Any CPU
		{B0255AC3-5514-4923-8B82-99B366A85C63}.Debug|Any CPU.Build.0 = Debug|Any CPU
		{B0255AC3-5514-4923-8B82-99B366A85C63}.Release|Any CPU.ActiveCfg = Release|Any CPU
		{B0255AC3-5514-4923-8B82-99B366A85C63}.Release|Any CPU.Build.0 = Release|Any CPU
	EndGlobalSection
	GlobalSection(SolutionProperties) = preSolution
		HideSolutionNode = FALSE
	EndGlobalSection
	GlobalSection(ExtensibilityGlobals) = postSolution
		SolutionGuid = {1ECE5B0D-C6C1-45C9-8A3A-3862E1310651}
	EndGlobalSection
EndGlobal
